{
  "version": 4,
  "terraform_version": "1.12.2",
  "serial": 31,
  "lineage": "ce033dbb-a562-51ea-a7e6-efad48916802",
  "outputs": {},
  "resources": [
    {
      "mode": "managed",
      "type": "azurerm_linux_virtual_machine",
      "name": "agent",
      "provider": "provider[\"registry.terraform.io/hashicorp/azurerm\"]",
      "instances": [
        {
          "schema_version": 0,
          "attributes": {
            "additional_capabilities": [],
            "admin_password": null,
            "admin_ssh_key": [
              {
                "public_key": "ssh-rsa AAAAB3NzaC1yc2EAAAADAQABAAABAQCqM9rkPxXgMaAdvaPf4k9PB1zJtNCkXmEYOrnPOjlUBGcPHQ4/eK4/iVdwINuLBmtHGohkzE5HMpQAuoUBWajD4ckm5vicOPav6oyhdrR0bBMtU5Ps+QFJ3E8P7EmYWhl1A5KMgsqXsIyW3kmRLuuLA9meA+g5Ik/HGk8K2+hzlW5r7KwrLd4+9xv54qib8S30X4WqRtD5qz3qThVOgpbmvGfYRymjhb2p3KdGIQ8j74aMfRilQAVHTAAlQGoPnrWpk3aqlnOSuZT+1yjSuYIwOo9KFmdzwCzalsNsNjFo780bnAoxWQAJrTdt+PyYWjzZQ4G9F09qWpN7bfN8hQCx azureuser@BlackAdom\n",
                "username": "azureuser"
              }
            ],
            "admin_username": "azureuser",
            "allow_extension_operations": true,
            "availability_set_id": "",
            "boot_diagnostics": [],
            "bypass_platform_safety_checks_on_user_schedule_enabled": false,
            "capacity_reservation_group_id": "",
            "computer_name": "monitoringagent",
            "custom_data": null,
            "dedicated_host_group_id": "",
            "dedicated_host_id": "",
            "disable_password_authentication": true,
            "disk_controller_type": "SCSI",
            "edge_zone": "",
            "encryption_at_host_enabled": false,
            "eviction_policy": "",
            "extensions_time_budget": "PT1H30M",
            "gallery_application": [],
            "id": "/subscriptions/08062aa4-07e5-4135-95e4-b77d46c5ee8b/resourceGroups/monitoring-demo-rg/providers/Microsoft.Compute/virtualMachines/monitoring-agent",
            "identity": [],
            "license_type": "",
            "location": "eastus",
            "max_bid_price": -1,
            "name": "monitoring-agent",
            "network_interface_ids": [
              "/subscriptions/08062aa4-07e5-4135-95e4-b77d46c5ee8b/resourceGroups/monitoring-demo-rg/providers/Microsoft.Network/networkInterfaces/monitoring-agent-nic"
            ],
            "os_disk": [
              {
                "caching": "ReadWrite",
                "diff_disk_settings": [],
                "disk_encryption_set_id": "",
                "disk_size_gb": 30,
                "name": "monitoring-agent_disk1_f40a9ceffd76425ab62d47e2c1d0161e",
                "secure_vm_disk_encryption_set_id": "",
                "security_encryption_type": "",
                "storage_account_type": "Standard_LRS",
                "write_accelerator_enabled": false
              }
            ],
            "os_image_notification": [],
            "patch_assessment_mode": "ImageDefault",
            "patch_mode": "ImageDefault",
            "plan": [],
            "platform_fault_domain": -1,
            "priority": "Regular",
            "private_ip_address": "10.0.1.4",
            "private_ip_addresses": [
              "10.0.1.4"
            ],
            "provision_vm_agent": true,
            "proximity_placement_group_id": "",
            "public_ip_address": "52.170.149.158",
            "public_ip_addresses": [
              "52.170.149.158"
            ],
            "reboot_setting": "",
            "resource_group_name": "monitoring-demo-rg",
            "secret": [],
            "secure_boot_enabled": false,
            "size": "Standard_B1s",
            "source_image_id": "",
            "source_image_reference": [
              {
                "offer": "0001-com-ubuntu-server-jammy",
                "publisher": "Canonical",
                "sku": "22_04-lts-gen2",
                "version": "latest"
              }
            ],
            "tags": {
              "Env": "demo",
              "Role": "monitoring-agent"
            },
            "termination_notification": [],
            "timeouts": null,
            "user_data": "",
            "virtual_machine_id": "21c10f5e-efda-40e8-920e-d3ecc0a29166",
            "virtual_machine_scale_set_id": "",
            "vm_agent_platform_updates_enabled": false,
            "vtpm_enabled": false,
            "zone": ""
          },
          "sensitive_attributes": [
            [
              {
                "type": "get_attr",
                "value": "admin_password"
              }
            ],
            [
              {
                "type": "get_attr",
                "value": "custom_data"
              }
            ]
          ],
          "identity_schema_version": 0,
          "private": "eyJlMmJmYjczMC1lY2FhLTExZTYtOGY4OC0zNDM2M2JjN2M0YzAiOnsiY3JlYXRlIjoyNzAwMDAwMDAwMDAwLCJkZWxldGUiOjI3MDAwMDAwMDAwMDAsInJlYWQiOjMwMDAwMDAwMDAwMCwidXBkYXRlIjoyNzAwMDAwMDAwMDAwfX0=",
          "dependencies": [
            "azurerm_network_interface.agent",
            "azurerm_public_ip.agent",
            "azurerm_resource_group.main",
            "azurerm_subnet.main",
            "azurerm_virtual_network.main"
          ]
        }
      ]
    },
    {
      "mode": "managed",
      "type": "azurerm_linux_virtual_machine",
      "name": "collector",
      "provider": "provider[\"registry.terraform.io/hashicorp/azurerm\"]",
      "instances": [
        {
          "schema_version": 0,
          "attributes": {
            "additional_capabilities": [],
            "admin_password": null,
            "admin_ssh_key": [
              {
                "public_key": "ssh-rsa AAAAB3NzaC1yc2EAAAADAQABAAABAQCqM9rkPxXgMaAdvaPf4k9PB1zJtNCkXmEYOrnPOjlUBGcPHQ4/eK4/iVdwINuLBmtHGohkzE5HMpQAuoUBWajD4ckm5vicOPav6oyhdrR0bBMtU5Ps+QFJ3E8P7EmYWhl1A5KMgsqXsIyW3kmRLuuLA9meA+g5Ik/HGk8K2+hzlW5r7KwrLd4+9xv54qib8S30X4WqRtD5qz3qThVOgpbmvGfYRymjhb2p3KdGIQ8j74aMfRilQAVHTAAlQGoPnrWpk3aqlnOSuZT+1yjSuYIwOo9KFmdzwCzalsNsNjFo780bnAoxWQAJrTdt+PyYWjzZQ4G9F09qWpN7bfN8hQCx azureuser@BlackAdom\n",
                "username": "azureuser"
              }
            ],
            "admin_username": "azureuser",
            "allow_extension_operations": true,
            "availability_set_id": "",
            "boot_diagnostics": [],
            "bypass_platform_safety_checks_on_user_schedule_enabled": false,
            "capacity_reservation_group_id": "",
            "computer_name": "collector",
            "custom_data": null,
            "dedicated_host_group_id": "",
            "dedicated_host_id": "",
            "disable_password_authentication": true,
            "disk_controller_type": "SCSI",
            "edge_zone": "",
            "encryption_at_host_enabled": false,
            "eviction_policy": "",
            "extensions_time_budget": "PT1H30M",
            "gallery_application": [],
            "id": "/subscriptions/08062aa4-07e5-4135-95e4-b77d46c5ee8b/resourceGroups/monitoring-demo-rg/providers/Microsoft.Compute/virtualMachines/collector-vm",
            "identity": [],
            "license_type": "",
            "location": "eastus",
            "max_bid_price": -1,
            "name": "collector-vm",
            "network_interface_ids": [
              "/subscriptions/08062aa4-07e5-4135-95e4-b77d46c5ee8b/resourceGroups/monitoring-demo-rg/providers/Microsoft.Network/networkInterfaces/collector-nic"
            ],
            "os_disk": [
              {
                "caching": "ReadWrite",
                "diff_disk_settings": [],
                "disk_encryption_set_id": "",
                "disk_size_gb": 30,
                "name": "collector-vm_disk1_9242eb037ead48cab883a478175825e0",
                "secure_vm_disk_encryption_set_id": "",
                "security_encryption_type": "",
                "storage_account_type": "Standard_LRS",
                "write_accelerator_enabled": false
              }
            ],
            "os_image_notification": [],
            "patch_assessment_mode": "ImageDefault",
            "patch_mode": "ImageDefault",
            "plan": [],
            "platform_fault_domain": -1,
            "priority": "Regular",
            "private_ip_address": "10.0.1.5",
            "private_ip_addresses": [
              "10.0.1.5"
            ],
            "provision_vm_agent": true,
            "proximity_placement_group_id": "",
            "public_ip_address": "52.170.66.206",
            "public_ip_addresses": [
              "52.170.66.206"
            ],
            "reboot_setting": "",
            "resource_group_name": "monitoring-demo-rg",
            "secret": [],
            "secure_boot_enabled": false,
            "size": "Standard_B2s",
            "source_image_id": "",
            "source_image_reference": [
              {
                "offer": "0001-com-ubuntu-server-jammy",
                "publisher": "Canonical",
                "sku": "22_04-lts-gen2",
                "version": "latest"
              }
            ],
            "tags": {
              "Env": "demo",
              "Role": "monitoring-collector"
            },
            "termination_notification": [],
            "timeouts": null,
            "user_data": "",
            "virtual_machine_id": "1771b312-c7ed-47e0-889f-9016e1f09ace",
            "virtual_machine_scale_set_id": "",
            "vm_agent_platform_updates_enabled": false,
            "vtpm_enabled": false,
            "zone": ""
          },
          "sensitive_attributes": [
            [
              {
                "type": "get_attr",
                "value": "admin_password"
              }
            ],
            [
              {
                "type": "get_attr",
                "value": "custom_data"
              }
            ]
          ],
          "identity_schema_version": 0,
          "private": "eyJlMmJmYjczMC1lY2FhLTExZTYtOGY4OC0zNDM2M2JjN2M0YzAiOnsiY3JlYXRlIjoyNzAwMDAwMDAwMDAwLCJkZWxldGUiOjI3MDAwMDAwMDAwMDAsInJlYWQiOjMwMDAwMDAwMDAwMCwidXBkYXRlIjoyNzAwMDAwMDAwMDAwfX0=",
          "dependencies": [
            "azurerm_network_interface.collector",
            "azurerm_public_ip.collector",
            "azurerm_resource_group.main",
            "azurerm_subnet.main",
            "azurerm_virtual_network.main"
          ]
        }
      ]
    },
    {
      "mode": "managed",
      "type": "azurerm_network_interface",
      "name": "agent",
      "provider": "provider[\"registry.terraform.io/hashicorp/azurerm\"]",
      "instances": [
        {
          "schema_version": 0,
          "attributes": {
            "accelerated_networking_enabled": false,
            "applied_dns_servers": [],
            "auxiliary_mode": "",
            "auxiliary_sku": "",
            "dns_servers": [],
            "edge_zone": "",
            "enable_accelerated_networking": false,
            "enable_ip_forwarding": false,
            "id": "/subscriptions/08062aa4-07e5-4135-95e4-b77d46c5ee8b/resourceGroups/monitoring-demo-rg/providers/Microsoft.Network/networkInterfaces/monitoring-agent-nic",
            "internal_dns_name_label": "",
            "internal_domain_name_suffix": "lm4pcu0dtajudfh4r2p4foblla.bx.internal.cloudapp.net",
            "ip_configuration": [
              {
                "gateway_load_balancer_frontend_ip_configuration_id": "",
                "name": "internal",
                "primary": true,
                "private_ip_address": "10.0.1.4",
                "private_ip_address_allocation": "Dynamic",
                "private_ip_address_version": "IPv4",
                "public_ip_address_id": "/subscriptions/08062aa4-07e5-4135-95e4-b77d46c5ee8b/resourceGroups/monitoring-demo-rg/providers/Microsoft.Network/publicIPAddresses/monitoring-agent-public-ip",
                "subnet_id": "/subscriptions/08062aa4-07e5-4135-95e4-b77d46c5ee8b/resourceGroups/monitoring-demo-rg/providers/Microsoft.Network/virtualNetworks/monitoring-vnet/subnets/monitoring-subnet"
              }
            ],
            "ip_forwarding_enabled": false,
            "location": "eastus",
            "mac_address": "00-22-48-2C-67-7C",
            "name": "monitoring-agent-nic",
            "private_ip_address": "10.0.1.4",
            "private_ip_addresses": [
              "10.0.1.4"
            ],
            "resource_group_name": "monitoring-demo-rg",
            "tags": {},
            "timeouts": null,
            "virtual_machine_id": "/subscriptions/08062aa4-07e5-4135-95e4-b77d46c5ee8b/resourceGroups/monitoring-demo-rg/providers/Microsoft.Compute/virtualMachines/monitoring-agent"
          },
          "sensitive_attributes": [],
          "identity_schema_version": 0,
          "private": "eyJlMmJmYjczMC1lY2FhLTExZTYtOGY4OC0zNDM2M2JjN2M0YzAiOnsiY3JlYXRlIjoxODAwMDAwMDAwMDAwLCJkZWxldGUiOjE4MDAwMDAwMDAwMDAsInJlYWQiOjMwMDAwMDAwMDAwMCwidXBkYXRlIjoxODAwMDAwMDAwMDAwfX0=",
          "dependencies": [
            "azurerm_public_ip.agent",
            "azurerm_resource_group.main",
            "azurerm_subnet.main",
            "azurerm_virtual_network.main"
          ]
        }
      ]
    },
    {
      "mode": "managed",
      "type": "azurerm_network_interface",
      "name": "collector",
      "provider": "provider[\"registry.terraform.io/hashicorp/azurerm\"]",
      "instances": [
        {
          "schema_version": 0,
          "attributes": {
            "accelerated_networking_enabled": false,
            "applied_dns_servers": [],
            "auxiliary_mode": "",
            "auxiliary_sku": "",
            "dns_servers": [],
            "edge_zone": "",
            "enable_accelerated_networking": false,
            "enable_ip_forwarding": false,
            "id": "/subscriptions/08062aa4-07e5-4135-95e4-b77d46c5ee8b/resourceGroups/monitoring-demo-rg/providers/Microsoft.Network/networkInterfaces/collector-nic",
            "internal_dns_name_label": "",
            "internal_domain_name_suffix": "lm4pcu0dtajudfh4r2p4foblla.bx.internal.cloudapp.net",
            "ip_configuration": [
              {
                "gateway_load_balancer_frontend_ip_configuration_id": "",
                "name": "internal",
                "primary": true,
                "private_ip_address": "10.0.1.5",
                "private_ip_address_allocation": "Dynamic",
                "private_ip_address_version": "IPv4",
                "public_ip_address_id": "/subscriptions/08062aa4-07e5-4135-95e4-b77d46c5ee8b/resourceGroups/monitoring-demo-rg/providers/Microsoft.Network/publicIPAddresses/collector-public-ip",
                "subnet_id": "/subscriptions/08062aa4-07e5-4135-95e4-b77d46c5ee8b/resourceGroups/monitoring-demo-rg/providers/Microsoft.Network/virtualNetworks/monitoring-vnet/subnets/monitoring-subnet"
              }
            ],
            "ip_forwarding_enabled": false,
            "location": "eastus",
            "mac_address": "60-45-BD-EE-52-B2",
            "name": "collector-nic",
            "private_ip_address": "10.0.1.5",
            "private_ip_addresses": [
              "10.0.1.5"
            ],
            "resource_group_name": "monitoring-demo-rg",
            "tags": {},
            "timeouts": null,
            "virtual_machine_id": "/subscriptions/08062aa4-07e5-4135-95e4-b77d46c5ee8b/resourceGroups/monitoring-demo-rg/providers/Microsoft.Compute/virtualMachines/collector-vm"
          },
          "sensitive_attributes": [],
          "identity_schema_version": 0,
          "private": "eyJlMmJmYjczMC1lY2FhLTExZTYtOGY4OC0zNDM2M2JjN2M0YzAiOnsiY3JlYXRlIjoxODAwMDAwMDAwMDAwLCJkZWxldGUiOjE4MDAwMDAwMDAwMDAsInJlYWQiOjMwMDAwMDAwMDAwMCwidXBkYXRlIjoxODAwMDAwMDAwMDAwfX0=",
          "dependencies": [
            "azurerm_public_ip.collector",
            "azurerm_resource_group.main",
            "azurerm_subnet.main",
            "azurerm_virtual_network.main"
          ]
        }
      ]
    },
    {
      "mode": "managed",
      "type": "azurerm_public_ip",
      "name": "agent",
      "provider": "provider[\"registry.terraform.io/hashicorp/azurerm\"]",
      "instances": [
        {
          "schema_version": 0,
          "attributes": {
            "allocation_method": "Static",
            "ddos_protection_mode": "VirtualNetworkInherited",
            "ddos_protection_plan_id": null,
            "domain_name_label": null,
            "edge_zone": "",
            "fqdn": null,
            "id": "/subscriptions/08062aa4-07e5-4135-95e4-b77d46c5ee8b/resourceGroups/monitoring-demo-rg/providers/Microsoft.Network/publicIPAddresses/monitoring-agent-public-ip",
            "idle_timeout_in_minutes": 4,
            "ip_address": "52.170.149.158",
            "ip_tags": {},
            "ip_version": "IPv4",
            "location": "eastus",
            "name": "monitoring-agent-public-ip",
            "public_ip_prefix_id": null,
            "resource_group_name": "monitoring-demo-rg",
            "reverse_fqdn": null,
            "sku": "Basic",
            "sku_tier": "Regional",
            "tags": {},
            "timeouts": null,
            "zones": []
          },
          "sensitive_attributes": [],
          "identity_schema_version": 0,
          "private": "eyJlMmJmYjczMC1lY2FhLTExZTYtOGY4OC0zNDM2M2JjN2M0YzAiOnsiY3JlYXRlIjoxODAwMDAwMDAwMDAwLCJkZWxldGUiOjE4MDAwMDAwMDAwMDAsInJlYWQiOjMwMDAwMDAwMDAwMCwidXBkYXRlIjoxODAwMDAwMDAwMDAwfX0=",
          "dependencies": [
            "azurerm_resource_group.main"
          ]
        }
      ]
    },
    {
      "mode": "managed",
      "type": "azurerm_public_ip",
      "name": "collector",
      "provider": "provider[\"registry.terraform.io/hashicorp/azurerm\"]",
      "instances": [
        {
          "schema_version": 0,
          "attributes": {
            "allocation_method": "Static",
            "ddos_protection_mode": "VirtualNetworkInherited",
            "ddos_protection_plan_id": null,
            "domain_name_label": null,
            "edge_zone": "",
            "fqdn": null,
            "id": "/subscriptions/08062aa4-07e5-4135-95e4-b77d46c5ee8b/resourceGroups/monitoring-demo-rg/providers/Microsoft.Network/publicIPAddresses/collector-public-ip",
            "idle_timeout_in_minutes": 4,
            "ip_address": "52.170.66.206",
            "ip_tags": {},
            "ip_version": "IPv4",
            "location": "eastus",
            "name": "collector-public-ip",
            "public_ip_prefix_id": null,
            "resource_group_name": "monitoring-demo-rg",
            "reverse_fqdn": null,
            "sku": "Basic",
            "sku_tier": "Regional",
            "tags": {},
            "timeouts": null,
            "zones": []
          },
          "sensitive_attributes": [],
          "identity_schema_version": 0,
          "private": "eyJlMmJmYjczMC1lY2FhLTExZTYtOGY4OC0zNDM2M2JjN2M0YzAiOnsiY3JlYXRlIjoxODAwMDAwMDAwMDAwLCJkZWxldGUiOjE4MDAwMDAwMDAwMDAsInJlYWQiOjMwMDAwMDAwMDAwMCwidXBkYXRlIjoxODAwMDAwMDAwMDAwfX0=",
          "dependencies": [
            "azurerm_resource_group.main"
          ]
        }
      ]
    },
    {
      "mode": "managed",
      "type": "azurerm_resource_group",
      "name": "main",
      "provider": "provider[\"registry.terraform.io/hashicorp/azurerm\"]",
      "instances": [
        {
          "schema_version": 0,
          "attributes": {
            "id": "/subscriptions/08062aa4-07e5-4135-95e4-b77d46c5ee8b/resourceGroups/monitoring-demo-rg",
            "location": "eastus",
            "managed_by": "",
            "name": "monitoring-demo-rg",
            "tags": {},
            "timeouts": null
          },
          "sensitive_attributes": [],
          "identity_schema_version": 0,
          "private": "eyJlMmJmYjczMC1lY2FhLTExZTYtOGY4OC0zNDM2M2JjN2M0YzAiOnsiY3JlYXRlIjo1NDAwMDAwMDAwMDAwLCJkZWxldGUiOjU0MDAwMDAwMDAwMDAsInJlYWQiOjMwMDAwMDAwMDAwMCwidXBkYXRlIjo1NDAwMDAwMDAwMDAwfX0="
        }
      ]
    },
    {
      "mode": "managed",
      "type": "azurerm_subnet",
      "name": "main",
      "provider": "provider[\"registry.terraform.io/hashicorp/azurerm\"]",
      "instances": [
        {
          "schema_version": 0,
          "attributes": {
            "address_prefixes": [
              "10.0.1.0/24"
            ],
            "default_outbound_access_enabled": true,
            "delegation": [],
            "enforce_private_link_endpoint_network_policies": false,
            "enforce_private_link_service_network_policies": false,
            "id": "/subscriptions/08062aa4-07e5-4135-95e4-b77d46c5ee8b/resourceGroups/monitoring-demo-rg/providers/Microsoft.Network/virtualNetworks/monitoring-vnet/subnets/monitoring-subnet",
            "name": "monitoring-subnet",
            "private_endpoint_network_policies": "Enabled",
            "private_endpoint_network_policies_enabled": true,
            "private_link_service_network_policies_enabled": true,
            "resource_group_name": "monitoring-demo-rg",
            "service_endpoint_policy_ids": [],
            "service_endpoints": [],
            "timeouts": null,
            "virtual_network_name": "monitoring-vnet"
          },
          "sensitive_attributes": [],
          "identity_schema_version": 0,
          "private": "eyJlMmJmYjczMC1lY2FhLTExZTYtOGY4OC0zNDM2M2JjN2M0YzAiOnsiY3JlYXRlIjoxODAwMDAwMDAwMDAwLCJkZWxldGUiOjE4MDAwMDAwMDAwMDAsInJlYWQiOjMwMDAwMDAwMDAwMCwidXBkYXRlIjoxODAwMDAwMDAwMDAwfX0=",
          "dependencies": [
            "azurerm_resource_group.main",
            "azurerm_virtual_network.main"
          ]
        }
      ]
    },
    {
      "mode": "managed",
      "type": "azurerm_virtual_network",
      "name": "main",
      "provider": "provider[\"registry.terraform.io/hashicorp/azurerm\"]",
      "instances": [
        {
          "schema_version": 0,
          "attributes": {
            "address_space": [
              "10.0.0.0/16"
            ],
            "bgp_community": "",
            "ddos_protection_plan": [],
            "dns_servers": [],
            "edge_zone": "",
            "encryption": [],
            "flow_timeout_in_minutes": 0,
            "guid": "53f13c5b-9843-4113-94fe-8f1fe2b82b58",
            "id": "/subscriptions/08062aa4-07e5-4135-95e4-b77d46c5ee8b/resourceGroups/monitoring-demo-rg/providers/Microsoft.Network/virtualNetworks/monitoring-vnet",
            "location": "eastus",
            "name": "monitoring-vnet",
            "resource_group_name": "monitoring-demo-rg",
            "subnet": [
              {
                "address_prefix": "10.0.1.0/24",
                "id": "/subscriptions/08062aa4-07e5-4135-95e4-b77d46c5ee8b/resourceGroups/monitoring-demo-rg/providers/Microsoft.Network/virtualNetworks/monitoring-vnet/subnets/monitoring-subnet",
                "name": "monitoring-subnet",
                "security_group": ""
              }
            ],
            "tags": {},
            "timeouts": null
          },
          "sensitive_attributes": [],
          "identity_schema_version": 0,
          "private": "eyJlMmJmYjczMC1lY2FhLTExZTYtOGY4OC0zNDM2M2JjN2M0YzAiOnsiY3JlYXRlIjoxODAwMDAwMDAwMDAwLCJkZWxldGUiOjE4MDAwMDAwMDAwMDAsInJlYWQiOjMwMDAwMDAwMDAwMCwidXBkYXRlIjoxODAwMDAwMDAwMDAwfX0=",
          "dependencies": [
            "azurerm_resource_group.main"
          ]
        }
      ]
    }
  ],
  "check_results": null
}
